
Microsoft Visual Studio Solution File, Format Version 12.00
# Visual Studio Version 16
VisualStudioVersion = 16.0.29806.167
MinimumVisualStudioVersion = 10.0.40219.1
Project("{2150E333-8FDC-42A3-9474-1A3956D46DE8}") = "1. Presentation Layer", "1. Presentation Layer", "{CB6B9B90-5D28-4562-890C-8931121F519C}"
EndProject
Project("{2150E333-8FDC-42A3-9474-1A3956D46DE8}") = "2. Business Layer", "2. Business Layer", "{138ED168-4AA5-481B-94C3-AED5F1A47342}"
EndProject
Project("{2150E333-8FDC-42A3-9474-1A3956D46DE8}") = "3. Data Access Layer", "3. Data Access Layer", "{58E96276-E245-4579-9FBB-8E4D1BD438AB}"
EndProject
Project("{2150E333-8FDC-42A3-9474-1A3956D46DE8}") = "4. Transversal Layer", "4. Transversal Layer", "{AB1E838B-AC7C-41EF-BB7B-C6C8356EEC20}"
EndProject
Project("{2150E333-8FDC-42A3-9474-1A3956D46DE8}") = "5. Helpers Layer", "5. Helpers Layer", "{77110525-EF97-4B7F-9F40-0D875207A856}"
EndProject
Project("{2150E333-8FDC-42A3-9474-1A3956D46DE8}") = "6. Testing", "6. Testing", "{48725044-9D49-41AB-9F71-9F5BCEBFE48C}"
EndProject
Project("{FAE04EC0-301F-11D3-BF4B-00C04F79EFBC}") = "MusiSoft.Web", "MusiSoft.Web\MusiSoft.Web.csproj", "{46CF7047-12AD-49F0-BC09-BEAEAE557F20}"
EndProject
Project("{FAE04EC0-301F-11D3-BF4B-00C04F79EFBC}") = "MusiSoft.Tests", "MusiSoft.Tests\MusiSoft.Tests.csproj", "{23BE7996-51DF-431B-A44B-016750713F3B}"
EndProject
Project("{FAE04EC0-301F-11D3-BF4B-00C04F79EFBC}") = "MusiSoft.Helpers", "MusiSoft.Helpers\MusiSoft.Helpers.csproj", "{4C1AB78A-F59F-4F20-8771-FDE6C1F69C01}"
EndProject
Project("{FAE04EC0-301F-11D3-BF4B-00C04F79EFBC}") = "MusiSoft.Entities", "MusiSoft.Entities\MusiSoft.Entities.csproj", "{E798A850-5401-4E55-AEF7-1DB524D29B84}"
EndProject
Project("{FAE04EC0-301F-11D3-BF4B-00C04F79EFBC}") = "MusiSoft.Data.EF", "MusiSoft.Data.EF\MusiSoft.Data.EF.csproj", "{25A56990-5C44-49E1-9F49-016424FC59F2}"
EndProject
Project("{FAE04EC0-301F-11D3-BF4B-00C04F79EFBC}") = "MusiSoft.Services.Contract", "MusiSoft.Services.Contract\MusiSoft.Services.Contract.csproj", "{E6E70280-D435-47F0-91A8-C2DA5640B99A}"
EndProject
Project("{FAE04EC0-301F-11D3-BF4B-00C04F79EFBC}") = "MusiSoft.Repositories.Contract", "MusiSoft.Repositories.Contract\MusiSoft.Repositories.Contract.csproj", "{F102F86F-76E8-478C-9171-57B9C1A57500}"
EndProject
Project("{FAE04EC0-301F-11D3-BF4B-00C04F79EFBC}") = "MusiSoft.Services", "MusiSoft.Services\MusiSoft.Services.csproj", "{75B88154-2486-49DC-9D28-3D5E7E768D70}"
EndProject
Project("{FAE04EC0-301F-11D3-BF4B-00C04F79EFBC}") = "MusiSoft.Repositories", "MusiSoft.Repositories\MusiSoft.Repositories.csproj", "{43899AEA-E4D5-4D35-884C-5DC5A317C249}"
EndProject
Global
	GlobalSection(SolutionConfigurationPlatforms) = preSolution
		Debug|Any CPU = Debug|Any CPU
		Release|Any CPU = Release|Any CPU
	EndGlobalSection
	GlobalSection(ProjectConfigurationPlatforms) = postSolution
		{46CF7047-12AD-49F0-BC09-BEAEAE557F20}.Debug|Any CPU.ActiveCfg = Debug|Any CPU
		{46CF7047-12AD-49F0-BC09-BEAEAE557F20}.Debug|Any CPU.Build.0 = Debug|Any CPU
		{46CF7047-12AD-49F0-BC09-BEAEAE557F20}.Release|Any CPU.ActiveCfg = Release|Any CPU
		{46CF7047-12AD-49F0-BC09-BEAEAE557F20}.Release|Any CPU.Build.0 = Release|Any CPU
		{23BE7996-51DF-431B-A44B-016750713F3B}.Debug|Any CPU.ActiveCfg = Debug|Any CPU
		{23BE7996-51DF-431B-A44B-016750713F3B}.Debug|Any CPU.Build.0 = Debug|Any CPU
		{23BE7996-51DF-431B-A44B-016750713F3B}.Release|Any CPU.ActiveCfg = Release|Any CPU
		{23BE7996-51DF-431B-A44B-016750713F3B}.Release|Any CPU.Build.0 = Release|Any CPU
		{4C1AB78A-F59F-4F20-8771-FDE6C1F69C01}.Debug|Any CPU.ActiveCfg = Debug|Any CPU
		{4C1AB78A-F59F-4F20-8771-FDE6C1F69C01}.Debug|Any CPU.Build.0 = Debug|Any CPU
		{4C1AB78A-F59F-4F20-8771-FDE6C1F69C01}.Release|Any CPU.ActiveCfg = Release|Any CPU
		{4C1AB78A-F59F-4F20-8771-FDE6C1F69C01}.Release|Any CPU.Build.0 = Release|Any CPU
		{E798A850-5401-4E55-AEF7-1DB524D29B84}.Debug|Any CPU.ActiveCfg = Debug|Any CPU
		{E798A850-5401-4E55-AEF7-1DB524D29B84}.Debug|Any CPU.Build.0 = Debug|Any CPU
		{E798A850-5401-4E55-AEF7-1DB524D29B84}.Release|Any CPU.ActiveCfg = Release|Any CPU
		{E798A850-5401-4E55-AEF7-1DB524D29B84}.Release|Any CPU.Build.0 = Release|Any CPU
		{25A56990-5C44-49E1-9F49-016424FC59F2}.Debug|Any CPU.ActiveCfg = Debug|Any CPU
		{25A56990-5C44-49E1-9F49-016424FC59F2}.Debug|Any CPU.Build.0 = Debug|Any CPU
		{25A56990-5C44-49E1-9F49-016424FC59F2}.Release|Any CPU.ActiveCfg = Release|Any CPU
		{25A56990-5C44-49E1-9F49-016424FC59F2}.Release|Any CPU.Build.0 = Release|Any CPU
		{E6E70280-D435-47F0-91A8-C2DA5640B99A}.Debug|Any CPU.ActiveCfg = Debug|Any CPU
		{E6E70280-D435-47F0-91A8-C2DA5640B99A}.Debug|Any CPU.Build.0 = Debug|Any CPU
		{E6E70280-D435-47F0-91A8-C2DA5640B99A}.Release|Any CPU.ActiveCfg = Release|Any CPU
		{E6E70280-D435-47F0-91A8-C2DA5640B99A}.Release|Any CPU.Build.0 = Release|Any CPU
		{F102F86F-76E8-478C-9171-57B9C1A57500}.Debug|Any CPU.ActiveCfg = Debug|Any CPU
		{F102F86F-76E8-478C-9171-57B9C1A57500}.Debug|Any CPU.Build.0 = Debug|Any CPU
		{F102F86F-76E8-478C-9171-57B9C1A57500}.Release|Any CPU.ActiveCfg = Release|Any CPU
		{F102F86F-76E8-478C-9171-57B9C1A57500}.Release|Any CPU.Build.0 = Release|Any CPU
		{75B88154-2486-49DC-9D28-3D5E7E768D70}.Debug|Any CPU.ActiveCfg = Debug|Any CPU
		{75B88154-2486-49DC-9D28-3D5E7E768D70}.Debug|Any CPU.Build.0 = Debug|Any CPU
		{75B88154-2486-49DC-9D28-3D5E7E768D70}.Release|Any CPU.ActiveCfg = Release|Any CPU
		{75B88154-2486-49DC-9D28-3D5E7E768D70}.Release|Any CPU.Build.0 = Release|Any CPU
		{43899AEA-E4D5-4D35-884C-5DC5A317C249}.Debug|Any CPU.ActiveCfg = Debug|Any CPU
		{43899AEA-E4D5-4D35-884C-5DC5A317C249}.Debug|Any CPU.Build.0 = Debug|Any CPU
		{43899AEA-E4D5-4D35-884C-5DC5A317C249}.Release|Any CPU.ActiveCfg = Release|Any CPU
		{43899AEA-E4D5-4D35-884C-5DC5A317C249}.Release|Any CPU.Build.0 = Release|Any CPU
	EndGlobalSection
	GlobalSection(SolutionProperties) = preSolution
		HideSolutionNode = FALSE
	EndGlobalSection
	GlobalSection(NestedProjects) = preSolution
		{46CF7047-12AD-49F0-BC09-BEAEAE557F20} = {CB6B9B90-5D28-4562-890C-8931121F519C}
		{23BE7996-51DF-431B-A44B-016750713F3B} = {48725044-9D49-41AB-9F71-9F5BCEBFE48C}
		{4C1AB78A-F59F-4F20-8771-FDE6C1F69C01} = {77110525-EF97-4B7F-9F40-0D875207A856}
		{E798A850-5401-4E55-AEF7-1DB524D29B84} = {AB1E838B-AC7C-41EF-BB7B-C6C8356EEC20}
		{25A56990-5C44-49E1-9F49-016424FC59F2} = {58E96276-E245-4579-9FBB-8E4D1BD438AB}
		{E6E70280-D435-47F0-91A8-C2DA5640B99A} = {138ED168-4AA5-481B-94C3-AED5F1A47342}
		{F102F86F-76E8-478C-9171-57B9C1A57500} = {138ED168-4AA5-481B-94C3-AED5F1A47342}
		{75B88154-2486-49DC-9D28-3D5E7E768D70} = {138ED168-4AA5-481B-94C3-AED5F1A47342}
		{43899AEA-E4D5-4D35-884C-5DC5A317C249} = {138ED168-4AA5-481B-94C3-AED5F1A47342}
	EndGlobalSection
	GlobalSection(ExtensibilityGlobals) = postSolution
		SolutionGuid = {B811015F-AB5A-422E-98AE-0063D7F91CD2}
	EndGlobalSection
EndGlobal
